{
    "_meta": {
        "hash": {
            "sha256": "82fbc331a4acf764a4fc38eaafad2373f02be4b6bc78020457afba841b18cf9e"
        },
        "pipfile-spec": 6,
        "requires": {
            "python_version": ">=3.6"
        },
        "sources": [
            {
                "name": "pypi",
                "url": "https://pypi.org/simple",
                "verify_ssl": true
            }
        ]
    },
    "default": {
        "glfw": {
            "hashes": [
                "sha256:0ef47bbaf95e65ac151b71f4853ee86d13fdc686282f5b7357e91d11f17faefa",
                "sha256:297f360584cb9300dd1af72128f8950e13e0b6123ab3b4cb5b4fb424ebe838e0",
                "sha256:69d46c5a236e090c8ad51d89eda623f0b083bbed15ffefa01ad5c18231744645",
                "sha256:7b95f8f33404c87cdc3d8fe6c30fca598efb920c28b1e01cda70c341a495bdb3",
                "sha256:7cc8c85f415b9eda0626bc7a25bfe30afba15b9ecddd5e7f3ced10ac55388c24",
                "sha256:de00e7f827a5113249904a74bf128c80a36d225fc24e86fa8f8a46cbc57fd46a",
                "sha256:f9e5503975f4ac3bc249d3444e8b7487bd19d309b7373837ecae81701b15da58"
            ],
            "index": "pypi",
            "version": "==1.11.0"
        },
        "python-decouple": {
            "hashes": [
                "sha256:55c546b85b0c47a15a47a4312d451a437f7344a9be3e001660bccd93b637de95"
            ],
            "index": "pypi",
            "version": "==3.3"
        }
    },
    "develop": {
        "appdirs": {
            "hashes": [
                "sha256:9e5896d1372858f8dd3344faf4e5014d21849c756c8d5701f78f8a103b372d92",
                "sha256:d8b24664561d0d34ddfaec54636d502d7cea6e29c3eaf68f3df6180863e2166e"
            ],
            "version": "==1.4.3"
        },
        "attrs": {
            "hashes": [
                "sha256:08a96c641c3a74e44eb59afb61a24f2cb9f4d7188748e76ba4bb5edfa3cb7d1c",
                "sha256:f7b7ce16570fe9965acd6d30101a28f62fb4a7f9e926b3bbc9b61f8b04247e72"
            ],
            "version": "==19.3.0"
        },
        "black": {
            "hashes": [
                "sha256:817243426042db1d36617910df579a54f1afd659adb96fc5032fcf4b36209739",
                "sha256:e030a9a28f542debc08acceb273f228ac422798e5215ba2a791a6ddeaaca22a5"
            ],
            "index": "pypi",
            "version": "==18.9b0"
        },
        "click": {
            "hashes": [
                "sha256:d2b5255c7c6349bc1bd1e59e08cd12acbbd63ce649f2588755783aa94dfb6b1a",
                "sha256:dacca89f4bfadd5de3d7489b7c8a566eee0d3676333fbb50030263894c38c0dc"
            ],
            "version": "==7.1.2"
        },
        "toml": {
            "hashes": [
                "sha256:229f81c57791a41d65e399fc06bf0848bab550a9dfd5ed66df18ce5f05e73d5c",
                "sha256:235682dd292d5899d361a811df37e04a8828a5b1da3115886b73cf81ebc9100e"
            ],
            "version": "==0.10.0"
        }
    }
}
